
Microsoft Visual Studio Solution File, Format Version 12.00
# Visual Studio 14
VisualStudioVersion = 14.0.25123.0
MinimumVisualStudioVersion = 10.0.40219.1
Project("{FAE04EC0-301F-11D3-BF4B-00C04F79EFBC}") = "SourceTargetComparision", "SourceTargetComparision\SourceTargetComparision.csproj", "{CD13270E-853A-469B-8CB4-62B58C653890}"
EndProject
Global
	GlobalSection(SolutionConfigurationPlatforms) = preSolution
		Debug|Any CPU = Debug|Any CPU
		Release|Any CPU = Release|Any CPU
	EndGlobalSection
	GlobalSection(ProjectConfigurationPlatforms) = postSolution
		{CD13270E-853A-469B-8CB4-62B58C653890}.Debug|Any CPU.ActiveCfg = Debug|Any CPU
		{CD13270E-853A-469B-8CB4-62B58C653890}.Debug|Any CPU.Build.0 = Debug|Any CPU
		{CD13270E-853A-469B-8CB4-62B58C653890}.Release|Any CPU.ActiveCfg = Release|Any CPU
		{CD13270E-853A-469B-8CB4-62B58C653890}.Release|Any CPU.Build.0 = Release|Any CPU
	EndGlobalSection
	GlobalSection(SolutionProperties) = preSolution
		HideSolutionNode = FALSE
	EndGlobalSection
EndGlobal
